
Microsoft Visual Studio Solution File, Format Version 12.00
# Visual Studio Version 16
VisualStudioVersion = 16.0.29324.140
MinimumVisualStudioVersion = 10.0.40219.1
Project("{FAE04EC0-301F-11D3-BF4B-00C04F79EFBC}") = "SignalR-POC", "SignalR-POC.csproj", "{060A8C68-841A-4D21-B4DD-2A2E8777AB54}"
EndProject
Global
	GlobalSection(SolutionConfigurationPlatforms) = preSolution
		Debug|Any CPU = Debug|Any CPU
		Release|Any CPU = Release|Any CPU
	EndGlobalSection
	GlobalSection(ProjectConfigurationPlatforms) = postSolution
		{060A8C68-841A-4D21-B4DD-2A2E8777AB54}.Debug|Any CPU.ActiveCfg = Debug|Any CPU
		{060A8C68-841A-4D21-B4DD-2A2E8777AB54}.Debug|Any CPU.Build.0 = Debug|Any CPU
		{060A8C68-841A-4D21-B4DD-2A2E8777AB54}.Release|Any CPU.ActiveCfg = Release|Any CPU
		{060A8C68-841A-4D21-B4DD-2A2E8777AB54}.Release|Any CPU.Build.0 = Release|Any CPU
	EndGlobalSection
	GlobalSection(SolutionProperties) = preSolution
		HideSolutionNode = FALSE
	EndGlobalSection
	GlobalSection(ExtensibilityGlobals) = postSolution
		SolutionGuid = {AE76CA29-B658-4E22-88AB-38AC40205FC9}
	EndGlobalSection
EndGlobal
